
Microsoft Visual Studio Solution File, Format Version 12.00
# Visual Studio Version 16
VisualStudioVersion = 16.0.28803.202
MinimumVisualStudioVersion = 10.0.40219.1
Project("{9A19103F-16F7-4668-BE54-9A1E7A4F7556}") = "Exchange", "src\c#\Exchange\Exchange.csproj", "{8DF6AFC3-4D51-4F9D-AA6A-97FF3640F694}"
EndProject
Project("{9A19103F-16F7-4668-BE54-9A1E7A4F7556}") = "Exchange.Tests", "tests\Exchange.Tests\Exchange.Tests.csproj", "{712EF3C2-E793-4CDE-A00D-651B2AAB05D8}"
EndProject
Project("{F2A71F9B-5D33-465A-A702-920D77279786}") = "FsExchange", "src\f#\FsExchange\FsExchange.fsproj", "{D0D249D5-4143-4659-852F-20FF8261C913}"
EndProject
Global
	GlobalSection(SolutionConfigurationPlatforms) = preSolution
		Debug|Any CPU = Debug|Any CPU
		Release|Any CPU = Release|Any CPU
	EndGlobalSection
	GlobalSection(ProjectConfigurationPlatforms) = postSolution
		{8DF6AFC3-4D51-4F9D-AA6A-97FF3640F694}.Debug|Any CPU.ActiveCfg = Debug|Any CPU
		{8DF6AFC3-4D51-4F9D-AA6A-97FF3640F694}.Debug|Any CPU.Build.0 = Debug|Any CPU
		{8DF6AFC3-4D51-4F9D-AA6A-97FF3640F694}.Release|Any CPU.ActiveCfg = Release|Any CPU
		{8DF6AFC3-4D51-4F9D-AA6A-97FF3640F694}.Release|Any CPU.Build.0 = Release|Any CPU
		{712EF3C2-E793-4CDE-A00D-651B2AAB05D8}.Debug|Any CPU.ActiveCfg = Debug|Any CPU
		{712EF3C2-E793-4CDE-A00D-651B2AAB05D8}.Debug|Any CPU.Build.0 = Debug|Any CPU
		{712EF3C2-E793-4CDE-A00D-651B2AAB05D8}.Release|Any CPU.ActiveCfg = Release|Any CPU
		{712EF3C2-E793-4CDE-A00D-651B2AAB05D8}.Release|Any CPU.Build.0 = Release|Any CPU
		{D0D249D5-4143-4659-852F-20FF8261C913}.Debug|Any CPU.ActiveCfg = Debug|Any CPU
		{D0D249D5-4143-4659-852F-20FF8261C913}.Debug|Any CPU.Build.0 = Debug|Any CPU
		{D0D249D5-4143-4659-852F-20FF8261C913}.Release|Any CPU.ActiveCfg = Release|Any CPU
		{D0D249D5-4143-4659-852F-20FF8261C913}.Release|Any CPU.Build.0 = Release|Any CPU
	EndGlobalSection
	GlobalSection(SolutionProperties) = preSolution
		HideSolutionNode = FALSE
	EndGlobalSection
	GlobalSection(ExtensibilityGlobals) = postSolution
		SolutionGuid = {7A6B39FF-0405-4917-8195-45C1418D291D}
	EndGlobalSection
EndGlobal
